
Microsoft Visual Studio Solution File, Format Version 12.00
# Visual Studio Version 17
VisualStudioVersion = 17.11.35219.272
MinimumVisualStudioVersion = 10.0.40219.1
Project("{FAE04EC0-301F-11D3-BF4B-00C04F79EFBC}") = "Iseseisevtöö Kordamine. Valikud, Kordused, Massivid", "Iseseisevtöö Kordamine. Valikud, Kordused, Massivid.csproj", "{A95BC4CA-0877-4DD8-8C27-8B9517C38276}"
EndProject
Global
	GlobalSection(SolutionConfigurationPlatforms) = preSolution
		Debug|Any CPU = Debug|Any CPU
		Release|Any CPU = Release|Any CPU
	EndGlobalSection
	GlobalSection(ProjectConfigurationPlatforms) = postSolution
		{A95BC4CA-0877-4DD8-8C27-8B9517C38276}.Debug|Any CPU.ActiveCfg = Debug|Any CPU
		{A95BC4CA-0877-4DD8-8C27-8B9517C38276}.Debug|Any CPU.Build.0 = Debug|Any CPU
		{A95BC4CA-0877-4DD8-8C27-8B9517C38276}.Release|Any CPU.ActiveCfg = Release|Any CPU
		{A95BC4CA-0877-4DD8-8C27-8B9517C38276}.Release|Any CPU.Build.0 = Release|Any CPU
	EndGlobalSection
	GlobalSection(SolutionProperties) = preSolution
		HideSolutionNode = FALSE
	EndGlobalSection
	GlobalSection(ExtensibilityGlobals) = postSolution
		SolutionGuid = {FBCF31E1-6ABE-4070-9065-BE25BB711EEE}
	EndGlobalSection
EndGlobal
