
Microsoft Visual Studio Solution File, Format Version 12.00
# Visual Studio Version 17
VisualStudioVersion = 17.11.35219.272
MinimumVisualStudioVersion = 10.0.40219.1
Project("{FAE04EC0-301F-11D3-BF4B-00C04F79EFBC}") = "KudriashevTARpv23", "KudriashevTARpv23.csproj", "{B65CAC73-56D8-4B6D-B276-D951EE5BCFCF}"
EndProject
Global
	GlobalSection(SolutionConfigurationPlatforms) = preSolution
		Debug|Any CPU = Debug|Any CPU
		Release|Any CPU = Release|Any CPU
	EndGlobalSection
	GlobalSection(ProjectConfigurationPlatforms) = postSolution
		{B65CAC73-56D8-4B6D-B276-D951EE5BCFCF}.Debug|Any CPU.ActiveCfg = Debug|Any CPU
		{B65CAC73-56D8-4B6D-B276-D951EE5BCFCF}.Debug|Any CPU.Build.0 = Debug|Any CPU
		{B65CAC73-56D8-4B6D-B276-D951EE5BCFCF}.Release|Any CPU.ActiveCfg = Release|Any CPU
		{B65CAC73-56D8-4B6D-B276-D951EE5BCFCF}.Release|Any CPU.Build.0 = Release|Any CPU
	EndGlobalSection
	GlobalSection(SolutionProperties) = preSolution
		HideSolutionNode = FALSE
	EndGlobalSection
	GlobalSection(ExtensibilityGlobals) = postSolution
		SolutionGuid = {09D0EC2C-6217-4ACA-88CB-92F3475A5635}
	EndGlobalSection
EndGlobal
